schema: '2.0'
stages:
  prepare:
    cmd: python data/load_data.py
    outs:
    - path: data/housing.csv
      hash: md5
      md5: 36112e03269a0e8479b105bb640597bd
      size: 1915789
  train:
    cmd: python src/train.py
    deps:
    - path: data/housing.csv
      hash: md5
      md5: 36112e03269a0e8479b105bb640597bd
      size: 1915789
    outs:
    - path: models/linear_model.pkl
      hash: md5
      md5: ed506e9b133b8613bdb3b657b56c8a62
      size: 1017
