schema: '2.0'
stages:
  prepare:
    cmd: python data/load_data.py
    outs:
    - path: data/housing.csv
      hash: md5
      md5: 36112e03269a0e8479b105bb640597bd
      size: 1915789
  train:
    cmd: python src/train.py
    deps:
    - path: data/housing.csv
      hash: md5
      md5: 36112e03269a0e8479b105bb640597bd
      size: 1915789
    outs:
    - path: models/linear_model.pkl
      hash: md5
      md5: 4c810ea1944c95d27e856b38e6f6048a
      size: 1017
